// !$*UTF8*$!
{
	archiveVersion = 1;
	classes = {
	};
	objectVersion = 55;
	objects = {

/* Begin PBXBuildFile section */
		D7949ED627BA7E2900E82E8C /* SwiftUi_WeatherApp.swift in Sources */ = {isa = PBXBuildFile; fileRef = D7949ED527BA7E2900E82E8C /* SwiftUi_WeatherApp.swift */; };
		D7949ED827BA7E2900E82E8C /* ContentView.swift in Sources */ = {isa = PBXBuildFile; fileRef = D7949ED727BA7E2900E82E8C /* ContentView.swift */; };
		D7949EDA27BA7E2A00E82E8C /* Assets.xcassets in Resources */ = {isa = PBXBuildFile; fileRef = D7949ED927BA7E2A00E82E8C /* Assets.xcassets */; };
		D7949EDD27BA7E2A00E82E8C /* Preview Assets.xcassets in Resources */ = {isa = PBXBuildFile; fileRef = D7949EDC27BA7E2A00E82E8C /* Preview Assets.xcassets */; };
		D7A703DF27BB6D760012BF06 /* DayOfWeak.swift in Sources */ = {isa = PBXBuildFile; fileRef = D7A703DE27BB6D760012BF06 /* DayOfWeak.swift */; };
		D7A703E327BB76B70012BF06 /* LocationManager.swift in Sources */ = {isa = PBXBuildFile; fileRef = D7A703E227BB76B70012BF06 /* LocationManager.swift */; };
/* End PBXBuildFile section */

/* Begin PBXFileReference section */
		D7949ED227BA7E2900E82E8C /* SwiftUi+Weather.app */ = {isa = PBXFileReference; explicitFileType = wrapper.application; includeInIndex = 0; path = "SwiftUi+Weather.app"; sourceTree = BUILT_PRODUCTS_DIR; };
		D7949ED527BA7E2900E82E8C /* SwiftUi_WeatherApp.swift */ = {isa = PBXFileReference; lastKnownFileType = sourcecode.swift; path = SwiftUi_WeatherApp.swift; sourceTree = "<group>"; };
		D7949ED727BA7E2900E82E8C /* ContentView.swift */ = {isa = PBXFileReference; lastKnownFileType = sourcecode.swift; path = ContentView.swift; sourceTree = "<group>"; };
		D7949ED927BA7E2A00E82E8C /* Assets.xcassets */ = {isa = PBXFileReference; lastKnownFileType = folder.assetcatalog; path = Assets.xcassets; sourceTree = "<group>"; };
		D7949EDC27BA7E2A00E82E8C /* Preview Assets.xcassets */ = {isa = PBXFileReference; lastKnownFileType = folder.assetcatalog; path = "Preview Assets.xcassets"; sourceTree = "<group>"; };
		D7A703DE27BB6D760012BF06 /* DayOfWeak.swift */ = {isa = PBXFileReference; lastKnownFileType = sourcecode.swift; path = DayOfWeak.swift; sourceTree = "<group>"; };
		D7A703E227BB76B70012BF06 /* LocationManager.swift */ = {isa = PBXFileReference; lastKnownFileType = sourcecode.swift; path = LocationManager.swift; sourceTree = "<group>"; };
		D7A703E427BB8EA40012BF06 /* SwiftUi-Weather-Info.plist */ = {isa = PBXFileReference; lastKnownFileType = text.plist; path = "SwiftUi-Weather-Info.plist"; sourceTree = SOURCE_ROOT; };
/* End PBXFileReference section */

/* Begin PBXFrameworksBuildPhase section */
		D7949ECF27BA7E2900E82E8C /* Frameworks */ = {
			isa = PBXFrameworksBuildPhase;
			buildActionMask = 2147483647;
			files = (
			);
			runOnlyForDeploymentPostprocessing = 0;
		};
/* End PBXFrameworksBuildPhase section */

/* Begin PBXGroup section */
		D7949EC927BA7E2900E82E8C = {
			isa = PBXGroup;
			children = (
				D7949ED427BA7E2900E82E8C /* SwiftUi+Weather */,
				D7949ED327BA7E2900E82E8C /* Products */,
			);
			sourceTree = "<group>";
		};
		D7949ED327BA7E2900E82E8C /* Products */ = {
			isa = PBXGroup;
			children = (
				D7949ED227BA7E2900E82E8C /* SwiftUi+Weather.app */,
			);
			name = Products;
			sourceTree = "<group>";
		};
		D7949ED427BA7E2900E82E8C /* SwiftUi+Weather */ = {
			isa = PBXGroup;
			children = (
				D7A703E427BB8EA40012BF06 /* SwiftUi-Weather-Info.plist */,
				D7949ED527BA7E2900E82E8C /* SwiftUi_WeatherApp.swift */,
				D7949ED727BA7E2900E82E8C /* ContentView.swift */,
				D7949ED927BA7E2A00E82E8C /* Assets.xcassets */,
				D7949EDB27BA7E2A00E82E8C /* Preview Content */,
				D7A703DE27BB6D760012BF06 /* DayOfWeak.swift */,
				D7A703E227BB76B70012BF06 /* LocationManager.swift */,
			);
			path = "SwiftUi+Weather";
			sourceTree = "<group>";
		};
		D7949EDB27BA7E2A00E82E8C /* Preview Content */ = {
			isa = PBXGroup;
			children = (
				D7949EDC27BA7E2A00E82E8C /* Preview Assets.xcassets */,
			);
			path = "Preview Content";
			sourceTree = "<group>";
		};
/* End PBXGroup section */

/* Begin PBXNativeTarget section */
		D7949ED127BA7E2900E82E8C /* SwiftUi+Weather */ = {
			isa = PBXNativeTarget;
			buildConfigurationList = D7949EE027BA7E2A00E82E8C /* Build configuration list for PBXNativeTarget "SwiftUi+Weather" */;
			buildPhases = (
				D7949ECE27BA7E2900E82E8C /* Sources */,
				D7949ECF27BA7E2900E82E8C /* Frameworks */,
				D7949ED027BA7E2900E82E8C /* Resources */,
			);
			buildRules = (
			);
			dependencies = (
			);
			name = "SwiftUi+Weather";
			productName = "SwiftUi+Weather";
			productReference = D7949ED227BA7E2900E82E8C /* SwiftUi+Weather.app */;
			productType = "com.apple.product-type.application";
		};
/* End PBXNativeTarget section */

/* Begin PBXProject section */
		D7949ECA27BA7E2900E82E8C /* Project object */ = {
			isa = PBXProject;
			attributes = {
				BuildIndependentTargetsInParallel = 1;
				LastSwiftUpdateCheck = 1320;
				LastUpgradeCheck = 1320;
				TargetAttributes = {
					D7949ED127BA7E2900E82E8C = {
						CreatedOnToolsVersion = 13.2.1;
					};
				};
			};
			buildConfigurationList = D7949ECD27BA7E2900E82E8C /* Build configuration list for PBXProject "SwiftUi+Weather" */;
			compatibilityVersion = "Xcode 13.0";
			developmentRegion = en;
			hasScannedForEncodings = 0;
			knownRegions = (
				en,
				Base,
			);
			mainGroup = D7949EC927BA7E2900E82E8C;
			productRefGroup = D7949ED327BA7E2900E82E8C /* Products */;
			projectDirPath = "";
			projectRoot = "";
			targets = (
				D7949ED127BA7E2900E82E8C /* SwiftUi+Weather */,
			);
		};
/* End PBXProject section */

/* Begin PBXResourcesBuildPhase section */
		D7949ED027BA7E2900E82E8C /* Resources */ = {
			isa = PBXResourcesBuildPhase;
			buildActionMask = 2147483647;
			files = (
				D7949EDD27BA7E2A00E82E8C /* Preview Assets.xcassets in Resources */,
				D7949EDA27BA7E2A00E82E8C /* Assets.xcassets in Resources */,
			);
			runOnlyForDeploymentPostprocessing = 0;
		};
/* End PBXResourcesBuildPhase section */

/* Begin PBXSourcesBuildPhase section */
		D7949ECE27BA7E2900E82E8C /* Sources */ = {
			isa = PBXSourcesBuildPhase;
			buildActionMask = 2147483647;
			files = (
				D7A703E327BB76B70012BF06 /* LocationManager.swift in Sources */,
				D7A703DF27BB6D760012BF06 /* DayOfWeak.swift in Sources */,
				D7949ED827BA7E2900E82E8C /* ContentView.swift in Sources */,
				D7949ED627BA7E2900E82E8C /* SwiftUi_WeatherApp.swift in Sources */,
			);
			runOnlyForDeploymentPostprocessing = 0;
		};
/* End PBXSourcesBuildPhase section */

/* Begin XCBuildConfiguration section */
		D7949EDE27BA7E2A00E82E8C /* Debug */ = {
			isa = XCBuildConfiguration;
			buildSettings = {
				ALWAYS_SEARCH_USER_PATHS = NO;
				CLANG_ANALYZER_NONNULL = YES;
				CLANG_ANALYZER_NUMBER_OBJECT_CONVERSION = YES_AGGRESSIVE;
				CLANG_CXX_LANGUAGE_STANDARD = "gnu++17";
				CLANG_CXX_LIBRARY = "libc++";
				CLANG_ENABLE_MODULES = YES;
				CLANG_ENABLE_OBJC_ARC = YES;
				CLANG_ENABLE_OBJC_WEAK = YES;
				CLANG_WARN_BLOCK_CAPTURE_AUTORELEASING = YES;
				CLANG_WARN_BOOL_CONVERSION = YES;
				CLANG_WARN_COMMA = YES;
				CLANG_WARN_CONSTANT_CONVERSION = YES;
				CLANG_WARN_DEPRECATED_OBJC_IMPLEMENTATIONS = YES;
				CLANG_WARN_DIRECT_OBJC_ISA_USAGE = YES_ERROR;
				CLANG_WARN_DOCUMENTATION_COMMENTS = YES;
				CLANG_WARN_EMPTY_BODY = YES;
				CLANG_WARN_ENUM_CONVERSION = YES;
				CLANG_WARN_INFINITE_RECURSION = YES;
				CLANG_WARN_INT_CONVERSION = YES;
				CLANG_WARN_NON_LITERAL_NULL_CONVERSION = YES;
				CLANG_WARN_OBJC_IMPLICIT_RETAIN_SELF = YES;
				CLANG_WARN_OBJC_LITERAL_CONVERSION = YES;
				CLANG_WARN_OBJC_ROOT_CLASS = YES_ERROR;
				CLANG_WARN_QUOTED_INCLUDE_IN_FRAMEWORK_HEADER = YES;
				CLANG_WARN_RANGE_LOOP_ANALYSIS = YES;
				CLANG_WARN_STRICT_PROTOTYPES = YES;
				CLANG_WARN_SUSPICIOUS_MOVE = YES;
				CLANG_WARN_UNGUARDED_AVAILABILITY = YES_AGGRESSIVE;
				CLANG_WARN_UNREACHABLE_CODE = YES;
				CLANG_WARN__DUPLICATE_METHOD_MATCH = YES;
				COPY_PHASE_STRIP = NO;
				DEBUG_INFORMATION_FORMAT = dwarf;
				ENABLE_STRICT_OBJC_MSGSEND = YES;
				ENABLE_TESTABILITY = YES;
				GCC_C_LANGUAGE_STANDARD = gnu11;
				GCC_DYNAMIC_NO_PIC = NO;
				GCC_NO_COMMON_BLOCKS = YES;
				GCC_OPTIMIZATION_LEVEL = 0;
				GCC_PREPROCESSOR_DEFINITIONS = (
					"DEBUG=1",
					"$(inherited)",
				);
				GCC_WARN_64_TO_32_BIT_CONVERSION = YES;
				GCC_WARN_ABOUT_RETURN_TYPE = YES_ERROR;
				GCC_WARN_UNDECLARED_SELECTOR = YES;
				GCC_WARN_UNINITIALIZED_AUTOS = YES_AGGRESSIVE;
				GCC_WARN_UNUSED_FUNCTION = YES;
				GCC_WARN_UNUSED_VARIABLE = YES;
				IPHONEOS_DEPLOYMENT_TARGET = 15.2;
				MTL_ENABLE_DEBUG_INFO = INCLUDE_SOURCE;
				MTL_FAST_MATH = YES;
				ONLY_ACTIVE_ARCH = YES;
				SDKROOT = iphoneos;
				SWIFT_ACTIVE_COMPILATION_CONDITIONS = DEBUG;
				SWIFT_OPTIMIZATION_LEVEL = "-Onone";
			};
			name = Debug;
		};
		D7949EDF27BA7E2A00E82E8C /* Release */ = {
			isa = XCBuildConfiguration;
			buildSettings = {
				ALWAYS_SEARCH_USER_PATHS = NO;
				CLANG_ANALYZER_NONNULL = YES;
				CLANG_ANALYZER_NUMBER_OBJECT_CONVERSION = YES_AGGRESSIVE;
				CLANG_CXX_LANGUAGE_STANDARD = "gnu++17";
				CLANG_CXX_LIBRARY = "libc++";
				CLANG_ENABLE_MODULES = YES;
				CLANG_ENABLE_OBJC_ARC = YES;
				CLANG_ENABLE_OBJC_WEAK = YES;
				CLANG_WARN_BLOCK_CAPTURE_AUTORELEASING = YES;
				CLANG_WARN_BOOL_CONVERSION = YES;
				CLANG_WARN_COMMA = YES;
				CLANG_WARN_CONSTANT_CONVERSION = YES;
				CLANG_WARN_DEPRECATED_OBJC_IMPLEMENTATIONS = YES;
				CLANG_WARN_DIRECT_OBJC_ISA_USAGE = YES_ERROR;
				CLANG_WARN_DOCUMENTATION_COMMENTS = YES;
				CLANG_WARN_EMPTY_BODY = YES;
				CLANG_WARN_ENUM_CONVERSION = YES;
				CLANG_WARN_INFINITE_RECURSION = YES;
				CLANG_WARN_INT_CONVERSION = YES;
				CLANG_WARN_NON_LITERAL_NULL_CONVERSION = YES;
				CLANG_WARN_OBJC_IMPLICIT_RETAIN_SELF = YES;
				CLANG_WARN_OBJC_LITERAL_CONVERSION = YES;
				CLANG_WARN_OBJC_ROOT_CLASS = YES_ERROR;
				CLANG_WARN_QUOTED_INCLUDE_IN_FRAMEWORK_HEADER = YES;
				CLANG_WARN_RANGE_LOOP_ANALYSIS = YES;
				CLANG_WARN_STRICT_PROTOTYPES = YES;
				CLANG_WARN_SUSPICIOUS_MOVE = YES;
				CLANG_WARN_UNGUARDED_AVAILABILITY = YES_AGGRESSIVE;
				CLANG_WARN_UNREACHABLE_CODE = YES;
				CLANG_WARN__DUPLICATE_METHOD_MATCH = YES;
				COPY_PHASE_STRIP = NO;
				DEBUG_INFORMATION_FORMAT = "dwarf-with-dsym";
				ENABLE_NS_ASSERTIONS = NO;
				ENABLE_STRICT_OBJC_MSGSEND = YES;
				GCC_C_LANGUAGE_STANDARD = gnu11;
				GCC_NO_COMMON_BLOCKS = YES;
				GCC_WARN_64_TO_32_BIT_CONVERSION = YES;
				GCC_WARN_ABOUT_RETURN_TYPE = YES_ERROR;
				GCC_WARN_UNDECLARED_SELECTOR = YES;
				GCC_WARN_UNINITIALIZED_AUTOS = YES_AGGRESSIVE;
				GCC_WARN_UNUSED_FUNCTION = YES;
				GCC_WARN_UNUSED_VARIABLE = YES;
				IPHONEOS_DEPLOYMENT_TARGET = 15.2;
				MTL_ENABLE_DEBUG_INFO = NO;
				MTL_FAST_MATH = YES;
				SDKROOT = iphoneos;
				SWIFT_COMPILATION_MODE = wholemodule;
				SWIFT_OPTIMIZATION_LEVEL = "-O";
				VALIDATE_PRODUCT = YES;
			};
			name = Release;
		};
		D7949EE127BA7E2A00E82E8C /* Debug */ = {
			isa = XCBuildConfiguration;
			buildSettings = {
				ASSETCATALOG_COMPILER_APPICON_NAME = AppIcon;
				ASSETCATALOG_COMPILER_GLOBAL_ACCENT_COLOR_NAME = AccentColor;
				CODE_SIGN_STYLE = Automatic;
				CURRENT_PROJECT_VERSION = 1;
				DEVELOPMENT_ASSET_PATHS = "\"SwiftUi+Weather/Preview Content\"";
				DEVELOPMENT_TEAM = GE3P4V45QF;
				ENABLE_PREVIEWS = YES;
				GENERATE_INFOPLIST_FILE = YES;
				INFOPLIST_FILE = "SwiftUi-Weather-Info.plist";
				INFOPLIST_KEY_NSLocationAlwaysUsageDescription = "Your location is required for to get weather for you";
				INFOPLIST_KEY_NSLocationWhenInUseUsageDescription = "Your location is required for to get weather for you";
				INFOPLIST_KEY_UIApplicationSceneManifest_Generation = YES;
				INFOPLIST_KEY_UIApplicationSupportsIndirectInputEvents = YES;
				INFOPLIST_KEY_UILaunchScreen_Generation = YES;
				INFOPLIST_KEY_UISupportedInterfaceOrientations_iPad = "UIInterfaceOrientationPortrait UIInterfaceOrientationPortraitUpsideDown UIInterfaceOrientationLandscapeLeft UIInterfaceOrientationLandscapeRight";
				INFOPLIST_KEY_UISupportedInterfaceOrientations_iPhone = "UIInterfaceOrientationPortrait UIInterfaceOrientationLandscapeLeft UIInterfaceOrientationLandscapeRight";
				LD_RUNPATH_SEARCH_PATHS = (
					"$(inherited)",
					"@executable_path/Frameworks",
				);
				MARKETING_VERSION = 1.0;
				PRODUCT_BUNDLE_IDENTIFIER = "SigmaTec.SwiftUi-Weather";
				PRODUCT_NAME = "$(TARGET_NAME)";
				SWIFT_EMIT_LOC_STRINGS = YES;
				SWIFT_VERSION = 5.0;
				TARGETED_DEVICE_FAMILY = "1,2";
			};
			name = Debug;
		};
		D7949EE227BA7E2A00E82E8C /* Release */ = {
			isa = XCBuildConfiguration;
			buildSettings = {
				ASSETCATALOG_COMPILER_APPICON_NAME = AppIcon;
				ASSETCATALOG_COMPILER_GLOBAL_ACCENT_COLOR_NAME = AccentColor;
				CODE_SIGN_STYLE = Automatic;
				CURRENT_PROJECT_VERSION = 1;
				DEVELOPMENT_ASSET_PATHS = "\"SwiftUi+Weather/Preview Content\"";
				DEVELOPMENT_TEAM = GE3P4V45QF;
				ENABLE_PREVIEWS = YES;
				GENERATE_INFOPLIST_FILE = YES;
				INFOPLIST_FILE = "SwiftUi-Weather-Info.plist";
				INFOPLIST_KEY_NSLocationAlwaysUsageDescription = "Your location is required for to get weather for you";
				INFOPLIST_KEY_NSLocationWhenInUseUsageDescription = "Your location is required for to get weather for you";
				INFOPLIST_KEY_UIApplicationSceneManifest_Generation = YES;
				INFOPLIST_KEY_UIApplicationSupportsIndirectInputEvents = YES;
				INFOPLIST_KEY_UILaunchScreen_Generation = YES;
				INFOPLIST_KEY_UISupportedInterfaceOrientations_iPad = "UIInterfaceOrientationPortrait UIInterfaceOrientationPortraitUpsideDown UIInterfaceOrientationLandscapeLeft UIInterfaceOrientationLandscapeRight";
				INFOPLIST_KEY_UISupportedInterfaceOrientations_iPhone = "UIInterfaceOrientationPortrait UIInterfaceOrientationLandscapeLeft UIInterfaceOrientationLandscapeRight";
				LD_RUNPATH_SEARCH_PATHS = (
					"$(inherited)",
					"@executable_path/Frameworks",
				);
				MARKETING_VERSION = 1.0;
				PRODUCT_BUNDLE_IDENTIFIER = "SigmaTec.SwiftUi-Weather";
				PRODUCT_NAME = "$(TARGET_NAME)";
				SWIFT_EMIT_LOC_STRINGS = YES;
				SWIFT_VERSION = 5.0;
				TARGETED_DEVICE_FAMILY = "1,2";
			};
			name = Release;
		};
/* End XCBuildConfiguration section */

/* Begin XCConfigurationList section */
		D7949ECD27BA7E2900E82E8C /* Build configuration list for PBXProject "SwiftUi+Weather" */ = {
			isa = XCConfigurationList;
			buildConfigurations = (
				D7949EDE27BA7E2A00E82E8C /* Debug */,
				D7949EDF27BA7E2A00E82E8C /* Release */,
			);
			defaultConfigurationIsVisible = 0;
			defaultConfigurationName = Release;
		};
		D7949EE027BA7E2A00E82E8C /* Build configuration list for PBXNativeTarget "SwiftUi+Weather" */ = {
			isa = XCConfigurationList;
			buildConfigurations = (
				D7949EE127BA7E2A00E82E8C /* Debug */,
				D7949EE227BA7E2A00E82E8C /* Release */,
			);
			defaultConfigurationIsVisible = 0;
			defaultConfigurationName = Release;
		};
/* End XCConfigurationList section */
	};
	rootObject = D7949ECA27BA7E2900E82E8C /* Project object */;
}
